
Microsoft Visual Studio Solution File, Format Version 12.00
# Visual Studio Version 16
VisualStudioVersion = 16.0.32602.291
MinimumVisualStudioVersion = 10.0.40219.1
Project("{FAE04EC0-301F-11D3-BF4B-00C04F79EFBC}") = "CEROK_WEBAPP", "CEROK_WEBAPP.csproj", "{DC67E1C7-ED8F-4432-A62B-AC3457677376}"
EndProject
Global
	GlobalSection(SolutionConfigurationPlatforms) = preSolution
		Debug|Any CPU = Debug|Any CPU
		Release|Any CPU = Release|Any CPU
	EndGlobalSection
	GlobalSection(ProjectConfigurationPlatforms) = postSolution
		{DC67E1C7-ED8F-4432-A62B-AC3457677376}.Debug|Any CPU.ActiveCfg = Debug|Any CPU
		{DC67E1C7-ED8F-4432-A62B-AC3457677376}.Debug|Any CPU.Build.0 = Debug|Any CPU
		{DC67E1C7-ED8F-4432-A62B-AC3457677376}.Release|Any CPU.ActiveCfg = Release|Any CPU
		{DC67E1C7-ED8F-4432-A62B-AC3457677376}.Release|Any CPU.Build.0 = Release|Any CPU
	EndGlobalSection
	GlobalSection(SolutionProperties) = preSolution
		HideSolutionNode = FALSE
	EndGlobalSection
	GlobalSection(ExtensibilityGlobals) = postSolution
		SolutionGuid = {E32F07FE-323F-4C84-922A-D0883114DFE7}
	EndGlobalSection
EndGlobal
